// !$*UTF8*$!
{
	archiveVersion = 1;
	classes = {
	};
	objectVersion = 50;
	objects = {

/* Begin PBXBuildFile section */
		A5146B3024D4962200DC0E0F /* scenes_demo.cpp in Sources */ = {isa = PBXBuildFile; fileRef = A5DE5F7224C6B894000440CA /* scenes_demo.cpp */; };
		A5DE5F9524C6B894000440CA /* spritecache.cpp in Sources */ = {isa = PBXBuildFile; fileRef = A5DE5F1A24C6B894000440CA /* spritecache.cpp */; };
		A5DE5F9624C6B894000440CA /* SDL_FontCache.cpp in Sources */ = {isa = PBXBuildFile; fileRef = A5DE5F1B24C6B894000440CA /* SDL_FontCache.cpp */; };
		A5DE5FA324C6B894000440CA /* utility.cpp in Sources */ = {isa = PBXBuildFile; fileRef = A5DE5F6C24C6B894000440CA /* utility.cpp */; };
		A5DE5FAB24C6B894000440CA /* button.cpp in Sources */ = {isa = PBXBuildFile; fileRef = A5DE5F7924C6B894000440CA /* button.cpp */; };
		A5DE5FAC24C6B894000440CA /* image.cpp in Sources */ = {isa = PBXBuildFile; fileRef = A5DE5F7A24C6B894000440CA /* image.cpp */; };
		A5DE5FAD24C6B894000440CA /* statemachine.cpp in Sources */ = {isa = PBXBuildFile; fileRef = A5DE5F7C24C6B894000440CA /* statemachine.cpp */; };
		A5DE5FAE24C6B894000440CA /* canvas.cpp in Sources */ = {isa = PBXBuildFile; fileRef = A5DE5F7E24C6B894000440CA /* canvas.cpp */; };
		A5DE5FB024C6B894000440CA /* rectitem.cpp in Sources */ = {isa = PBXBuildFile; fileRef = A5DE5F8424C6B894000440CA /* rectitem.cpp */; };
		A5DE5FB124C6B894000440CA /* textbutton.cpp in Sources */ = {isa = PBXBuildFile; fileRef = A5DE5F8524C6B894000440CA /* textbutton.cpp */; };
		A5DE5FB224C6B894000440CA /* textitem.cpp in Sources */ = {isa = PBXBuildFile; fileRef = A5DE5F8624C6B894000440CA /* textitem.cpp */; };
		A5DE5FB324C6B894000440CA /* application.cpp in Sources */ = {isa = PBXBuildFile; fileRef = A5DE5F8824C6B894000440CA /* application.cpp */; };
		A5DE5FB424C6B894000440CA /* widgetitem.cpp in Sources */ = {isa = PBXBuildFile; fileRef = A5DE5F8B24C6B894000440CA /* widgetitem.cpp */; };
		A5DE5FB524C6B894000440CA /* menumodel.cpp in Sources */ = {isa = PBXBuildFile; fileRef = A5DE5F8D24C6B894000440CA /* menumodel.cpp */; };
		A5DE5FB624C6B894000440CA /* baseapplication.cpp in Sources */ = {isa = PBXBuildFile; fileRef = A5DE5F9024C6B894000440CA /* baseapplication.cpp */; };
		A5DE5FBD24C6BA0C000440CA /* SDL2.framework in Frameworks */ = {isa = PBXBuildFile; fileRef = A5DE5FB924C6BA0C000440CA /* SDL2.framework */; };
		A5DE5FBE24C6BA0C000440CA /* SDL2.framework in Embed Frameworks */ = {isa = PBXBuildFile; fileRef = A5DE5FB924C6BA0C000440CA /* SDL2.framework */; settings = {ATTRIBUTES = (RemoveHeadersOnCopy, ); }; };
		A5DE5FBF24C6BA0C000440CA /* SDL2_ttf.framework in Frameworks */ = {isa = PBXBuildFile; fileRef = A5DE5FBA24C6BA0C000440CA /* SDL2_ttf.framework */; };
		A5DE5FC024C6BA0C000440CA /* SDL2_ttf.framework in Embed Frameworks */ = {isa = PBXBuildFile; fileRef = A5DE5FBA24C6BA0C000440CA /* SDL2_ttf.framework */; settings = {ATTRIBUTES = (RemoveHeadersOnCopy, ); }; };
		A5DE5FC124C6BA0D000440CA /* SDL2_mixer.framework in Frameworks */ = {isa = PBXBuildFile; fileRef = A5DE5FBB24C6BA0C000440CA /* SDL2_mixer.framework */; };
		A5DE5FC224C6BA0D000440CA /* SDL2_mixer.framework in Embed Frameworks */ = {isa = PBXBuildFile; fileRef = A5DE5FBB24C6BA0C000440CA /* SDL2_mixer.framework */; settings = {ATTRIBUTES = (RemoveHeadersOnCopy, ); }; };
		A5DE5FC324C6BA0D000440CA /* SDL2_image.framework in Frameworks */ = {isa = PBXBuildFile; fileRef = A5DE5FBC24C6BA0C000440CA /* SDL2_image.framework */; };
		A5DE5FC424C6BA0D000440CA /* SDL2_image.framework in Embed Frameworks */ = {isa = PBXBuildFile; fileRef = A5DE5FBC24C6BA0C000440CA /* SDL2_image.framework */; settings = {ATTRIBUTES = (RemoveHeadersOnCopy, ); }; };
/* End PBXBuildFile section */

/* Begin PBXCopyFilesBuildPhase section */
		A5DE5F0D24C6B876000440CA /* CopyFiles */ = {
			isa = PBXCopyFilesBuildPhase;
			buildActionMask = 2147483647;
			dstPath = /usr/share/man/man1/;
			dstSubfolderSpec = 0;
			files = (
			);
			runOnlyForDeploymentPostprocessing = 1;
		};
		A5DE5FC524C6BA0D000440CA /* Embed Frameworks */ = {
			isa = PBXCopyFilesBuildPhase;
			buildActionMask = 2147483647;
			dstPath = "";
			dstSubfolderSpec = 10;
			files = (
				A5DE5FC224C6BA0D000440CA /* SDL2_mixer.framework in Embed Frameworks */,
				A5DE5FC024C6BA0C000440CA /* SDL2_ttf.framework in Embed Frameworks */,
				A5DE5FBE24C6BA0C000440CA /* SDL2.framework in Embed Frameworks */,
				A5DE5FC424C6BA0D000440CA /* SDL2_image.framework in Embed Frameworks */,
			);
			name = "Embed Frameworks";
			runOnlyForDeploymentPostprocessing = 0;
		};
/* End PBXCopyFilesBuildPhase section */

/* Begin PBXFileReference section */
		A5DE5F0F24C6B876000440CA /* SWL */ = {isa = PBXFileReference; explicitFileType = "compiled.mach-o.executable"; includeInIndex = 0; path = SWL; sourceTree = BUILT_PRODUCTS_DIR; };
		A5DE5F1A24C6B894000440CA /* spritecache.cpp */ = {isa = PBXFileReference; fileEncoding = 4; lastKnownFileType = sourcecode.cpp.cpp; path = spritecache.cpp; sourceTree = "<group>"; };
		A5DE5F1B24C6B894000440CA /* SDL_FontCache.cpp */ = {isa = PBXFileReference; fileEncoding = 4; lastKnownFileType = sourcecode.cpp.cpp; path = SDL_FontCache.cpp; sourceTree = "<group>"; };
		A5DE5F2024C6B894000440CA /* utility.hpp */ = {isa = PBXFileReference; fileEncoding = 4; lastKnownFileType = sourcecode.cpp.h; path = utility.hpp; sourceTree = "<group>"; };
		A5DE5F2124C6B894000440CA /* sdl_image_inc.hpp */ = {isa = PBXFileReference; fileEncoding = 4; lastKnownFileType = sourcecode.cpp.h; path = sdl_image_inc.hpp; sourceTree = "<group>"; };
		A5DE5F2224C6B894000440CA /* themes.hpp */ = {isa = PBXFileReference; fileEncoding = 4; lastKnownFileType = sourcecode.cpp.h; path = themes.hpp; sourceTree = "<group>"; };
		A5DE5F3724C6B894000440CA /* sdl_inc.hpp */ = {isa = PBXFileReference; fileEncoding = 4; lastKnownFileType = sourcecode.cpp.h; path = sdl_inc.hpp; sourceTree = "<group>"; };
		A5DE5F3A24C6B894000440CA /* sdl_mixer_inc.hpp */ = {isa = PBXFileReference; fileEncoding = 4; lastKnownFileType = sourcecode.cpp.h; path = sdl_mixer_inc.hpp; sourceTree = "<group>"; };
		A5DE5F6524C6B894000440CA /* SDL_FontCache.hpp */ = {isa = PBXFileReference; fileEncoding = 4; lastKnownFileType = sourcecode.cpp.h; path = SDL_FontCache.hpp; sourceTree = "<group>"; };
		A5DE5F6624C6B894000440CA /* sdl_ttf_inc.hpp */ = {isa = PBXFileReference; fileEncoding = 4; lastKnownFileType = sourcecode.cpp.h; path = sdl_ttf_inc.hpp; sourceTree = "<group>"; };
		A5DE5F6724C6B894000440CA /* spritecache.hpp */ = {isa = PBXFileReference; fileEncoding = 4; lastKnownFileType = sourcecode.cpp.h; path = spritecache.hpp; sourceTree = "<group>"; };
		A5DE5F6B24C6B894000440CA /* types.hpp */ = {isa = PBXFileReference; fileEncoding = 4; lastKnownFileType = sourcecode.cpp.h; path = types.hpp; sourceTree = "<group>"; };
		A5DE5F6C24C6B894000440CA /* utility.cpp */ = {isa = PBXFileReference; fileEncoding = 4; lastKnownFileType = sourcecode.cpp.cpp; path = utility.cpp; sourceTree = "<group>"; };
		A5DE5F6E24C6B894000440CA /* listview_hire_and_fire_demo.cpp */ = {isa = PBXFileReference; fileEncoding = 4; lastKnownFileType = sourcecode.cpp.cpp; path = listview_hire_and_fire_demo.cpp; sourceTree = "<group>"; };
		A5DE5F6F24C6B894000440CA /* canvas_demo.cpp */ = {isa = PBXFileReference; fileEncoding = 4; lastKnownFileType = sourcecode.cpp.cpp; path = canvas_demo.cpp; sourceTree = "<group>"; };
		A5DE5F7024C6B894000440CA /* listview_simple_demo.cpp */ = {isa = PBXFileReference; fileEncoding = 4; lastKnownFileType = sourcecode.cpp.cpp; path = listview_simple_demo.cpp; sourceTree = "<group>"; };
		A5DE5F7124C6B894000440CA /* buttons_demo.cpp */ = {isa = PBXFileReference; fileEncoding = 4; lastKnownFileType = sourcecode.cpp.cpp; path = buttons_demo.cpp; sourceTree = "<group>"; };
		A5DE5F7224C6B894000440CA /* scenes_demo.cpp */ = {isa = PBXFileReference; fileEncoding = 4; lastKnownFileType = sourcecode.cpp.cpp; path = scenes_demo.cpp; sourceTree = "<group>"; };
		A5DE5F7324C6B894000440CA /* menuview_demo.cpp */ = {isa = PBXFileReference; fileEncoding = 4; lastKnownFileType = sourcecode.cpp.cpp; path = menuview_demo.cpp; sourceTree = "<group>"; };
		A5DE5F7624C6B894000440CA /* application.hpp */ = {isa = PBXFileReference; fileEncoding = 4; lastKnownFileType = sourcecode.cpp.h; path = application.hpp; sourceTree = "<group>"; };
		A5DE5F7724C6B894000440CA /* datamodel.hpp */ = {isa = PBXFileReference; fileEncoding = 4; lastKnownFileType = sourcecode.cpp.h; path = datamodel.hpp; sourceTree = "<group>"; };
		A5DE5F7824C6B894000440CA /* widgetitem.hpp */ = {isa = PBXFileReference; fileEncoding = 4; lastKnownFileType = sourcecode.cpp.h; path = widgetitem.hpp; sourceTree = "<group>"; };
		A5DE5F7924C6B894000440CA /* button.cpp */ = {isa = PBXFileReference; fileEncoding = 4; lastKnownFileType = sourcecode.cpp.cpp; path = button.cpp; sourceTree = "<group>"; };
		A5DE5F7A24C6B894000440CA /* image.cpp */ = {isa = PBXFileReference; fileEncoding = 4; lastKnownFileType = sourcecode.cpp.cpp; path = image.cpp; sourceTree = "<group>"; };
		A5DE5F7B24C6B894000440CA /* menumodel.hpp */ = {isa = PBXFileReference; fileEncoding = 4; lastKnownFileType = sourcecode.cpp.h; path = menumodel.hpp; sourceTree = "<group>"; };
		A5DE5F7C24C6B894000440CA /* statemachine.cpp */ = {isa = PBXFileReference; fileEncoding = 4; lastKnownFileType = sourcecode.cpp.cpp; path = statemachine.cpp; sourceTree = "<group>"; };
		A5DE5F7D24C6B894000440CA /* baseapplication.hpp */ = {isa = PBXFileReference; fileEncoding = 4; lastKnownFileType = sourcecode.cpp.h; path = baseapplication.hpp; sourceTree = "<group>"; };
		A5DE5F7E24C6B894000440CA /* canvas.cpp */ = {isa = PBXFileReference; fileEncoding = 4; lastKnownFileType = sourcecode.cpp.cpp; path = canvas.cpp; sourceTree = "<group>"; };
		A5DE5F7F24C6B894000440CA /* dataview.hpp */ = {isa = PBXFileReference; fileEncoding = 4; lastKnownFileType = sourcecode.cpp.h; path = dataview.hpp; sourceTree = "<group>"; };
		A5DE5F8024C6B894000440CA /* rectitem.hpp */ = {isa = PBXFileReference; fileEncoding = 4; lastKnownFileType = sourcecode.cpp.h; path = rectitem.hpp; sourceTree = "<group>"; };
		A5DE5F8124C6B894000440CA /* textbutton.hpp */ = {isa = PBXFileReference; fileEncoding = 4; lastKnownFileType = sourcecode.cpp.h; path = textbutton.hpp; sourceTree = "<group>"; };
		A5DE5F8224C6B894000440CA /* textitem.hpp */ = {isa = PBXFileReference; fileEncoding = 4; lastKnownFileType = sourcecode.cpp.h; path = textitem.hpp; sourceTree = "<group>"; };
		A5DE5F8424C6B894000440CA /* rectitem.cpp */ = {isa = PBXFileReference; fileEncoding = 4; lastKnownFileType = sourcecode.cpp.cpp; path = rectitem.cpp; sourceTree = "<group>"; };
		A5DE5F8524C6B894000440CA /* textbutton.cpp */ = {isa = PBXFileReference; fileEncoding = 4; lastKnownFileType = sourcecode.cpp.cpp; path = textbutton.cpp; sourceTree = "<group>"; };
		A5DE5F8624C6B894000440CA /* textitem.cpp */ = {isa = PBXFileReference; fileEncoding = 4; lastKnownFileType = sourcecode.cpp.cpp; path = textitem.cpp; sourceTree = "<group>"; };
		A5DE5F8724C6B894000440CA /* menuview.hpp */ = {isa = PBXFileReference; fileEncoding = 4; lastKnownFileType = sourcecode.cpp.h; path = menuview.hpp; sourceTree = "<group>"; };
		A5DE5F8824C6B894000440CA /* application.cpp */ = {isa = PBXFileReference; fileEncoding = 4; lastKnownFileType = sourcecode.cpp.cpp; path = application.cpp; sourceTree = "<group>"; };
		A5DE5F8924C6B894000440CA /* listmodel.hpp */ = {isa = PBXFileReference; fileEncoding = 4; lastKnownFileType = sourcecode.cpp.h; path = listmodel.hpp; sourceTree = "<group>"; };
		A5DE5F8A24C6B894000440CA /* listview.hpp */ = {isa = PBXFileReference; fileEncoding = 4; lastKnownFileType = sourcecode.cpp.h; path = listview.hpp; sourceTree = "<group>"; };
		A5DE5F8B24C6B894000440CA /* widgetitem.cpp */ = {isa = PBXFileReference; fileEncoding = 4; lastKnownFileType = sourcecode.cpp.cpp; path = widgetitem.cpp; sourceTree = "<group>"; };
		A5DE5F8C24C6B894000440CA /* button.hpp */ = {isa = PBXFileReference; fileEncoding = 4; lastKnownFileType = sourcecode.cpp.h; path = button.hpp; sourceTree = "<group>"; };
		A5DE5F8D24C6B894000440CA /* menumodel.cpp */ = {isa = PBXFileReference; fileEncoding = 4; lastKnownFileType = sourcecode.cpp.cpp; path = menumodel.cpp; sourceTree = "<group>"; };
		A5DE5F8E24C6B894000440CA /* image.hpp */ = {isa = PBXFileReference; fileEncoding = 4; lastKnownFileType = sourcecode.cpp.h; path = image.hpp; sourceTree = "<group>"; };
		A5DE5F8F24C6B894000440CA /* statemachine.hpp */ = {isa = PBXFileReference; fileEncoding = 4; lastKnownFileType = sourcecode.cpp.h; path = statemachine.hpp; sourceTree = "<group>"; };
		A5DE5F9024C6B894000440CA /* baseapplication.cpp */ = {isa = PBXFileReference; fileEncoding = 4; lastKnownFileType = sourcecode.cpp.cpp; path = baseapplication.cpp; sourceTree = "<group>"; };
		A5DE5F9124C6B894000440CA /* canvas.hpp */ = {isa = PBXFileReference; fileEncoding = 4; lastKnownFileType = sourcecode.cpp.h; path = canvas.hpp; sourceTree = "<group>"; };
		A5DE5FB924C6BA0C000440CA /* SDL2.framework */ = {isa = PBXFileReference; lastKnownFileType = wrapper.framework; name = SDL2.framework; path = ../../../../../Library/Frameworks/SDL2.framework; sourceTree = "<group>"; };
		A5DE5FBA24C6BA0C000440CA /* SDL2_ttf.framework */ = {isa = PBXFileReference; lastKnownFileType = wrapper.framework; name = SDL2_ttf.framework; path = ../../../../../Library/Frameworks/SDL2_ttf.framework; sourceTree = "<group>"; };
		A5DE5FBB24C6BA0C000440CA /* SDL2_mixer.framework */ = {isa = PBXFileReference; lastKnownFileType = wrapper.framework; name = SDL2_mixer.framework; path = ../../../../../Library/Frameworks/SDL2_mixer.framework; sourceTree = "<group>"; };
		A5DE5FBC24C6BA0C000440CA /* SDL2_image.framework */ = {isa = PBXFileReference; lastKnownFileType = wrapper.framework; name = SDL2_image.framework; path = ../../../../../Library/Frameworks/SDL2_image.framework; sourceTree = "<group>"; };
/* End PBXFileReference section */

/* Begin PBXFrameworksBuildPhase section */
		A5DE5F0C24C6B876000440CA /* Frameworks */ = {
			isa = PBXFrameworksBuildPhase;
			buildActionMask = 2147483647;
			files = (
				A5DE5FC124C6BA0D000440CA /* SDL2_mixer.framework in Frameworks */,
				A5DE5FBF24C6BA0C000440CA /* SDL2_ttf.framework in Frameworks */,
				A5DE5FBD24C6BA0C000440CA /* SDL2.framework in Frameworks */,
				A5DE5FC324C6BA0D000440CA /* SDL2_image.framework in Frameworks */,
			);
			runOnlyForDeploymentPostprocessing = 0;
		};
/* End PBXFrameworksBuildPhase section */

/* Begin PBXGroup section */
		A5DE5F0624C6B876000440CA = {
			isa = PBXGroup;
			children = (
				A5DE5F1924C6B894000440CA /* src */,
				A5DE5F1024C6B876000440CA /* Products */,
				A5DE5FB824C6BA0C000440CA /* Frameworks */,
			);
			sourceTree = "<group>";
		};
		A5DE5F1024C6B876000440CA /* Products */ = {
			isa = PBXGroup;
			children = (
				A5DE5F0F24C6B876000440CA /* SWL */,
			);
			name = Products;
			sourceTree = "<group>";
		};
		A5DE5F1924C6B894000440CA /* src */ = {
			isa = PBXGroup;
			children = (
				A5DE5F6D24C6B894000440CA /* demos */,
				A5DE5F1B24C6B894000440CA /* SDL_FontCache.cpp */,
				A5DE5F6524C6B894000440CA /* SDL_FontCache.hpp */,
				A5DE5F2124C6B894000440CA /* sdl_image_inc.hpp */,
				A5DE5F3724C6B894000440CA /* sdl_inc.hpp */,
				A5DE5F3A24C6B894000440CA /* sdl_mixer_inc.hpp */,
				A5DE5F6624C6B894000440CA /* sdl_ttf_inc.hpp */,
				A5DE5F1A24C6B894000440CA /* spritecache.cpp */,
				A5DE5F6724C6B894000440CA /* spritecache.hpp */,
				A5DE5F2224C6B894000440CA /* themes.hpp */,
				A5DE5F6B24C6B894000440CA /* types.hpp */,
				A5DE5F6C24C6B894000440CA /* utility.cpp */,
				A5DE5F2024C6B894000440CA /* utility.hpp */,
				A5DE5F7524C6B894000440CA /* widgets */,
			);
			path = src;
			sourceTree = "<group>";
		};
		A5DE5F6D24C6B894000440CA /* demos */ = {
			isa = PBXGroup;
			children = (
				A5DE5F7124C6B894000440CA /* buttons_demo.cpp */,
				A5DE5F6F24C6B894000440CA /* canvas_demo.cpp */,
				A5DE5F6E24C6B894000440CA /* listview_hire_and_fire_demo.cpp */,
				A5DE5F7024C6B894000440CA /* listview_simple_demo.cpp */,
				A5DE5F7324C6B894000440CA /* menuview_demo.cpp */,
				A5DE5F7224C6B894000440CA /* scenes_demo.cpp */,
			);
			path = demos;
			sourceTree = "<group>";
		};
		A5DE5F7524C6B894000440CA /* widgets */ = {
			isa = PBXGroup;
			children = (
				A5DE5F8824C6B894000440CA /* application.cpp */,
				A5DE5F7624C6B894000440CA /* application.hpp */,
				A5DE5F9024C6B894000440CA /* baseapplication.cpp */,
				A5DE5F7D24C6B894000440CA /* baseapplication.hpp */,
				A5DE5F7924C6B894000440CA /* button.cpp */,
				A5DE5F8C24C6B894000440CA /* button.hpp */,
				A5DE5F7E24C6B894000440CA /* canvas.cpp */,
				A5DE5F9124C6B894000440CA /* canvas.hpp */,
				A5DE5F7724C6B894000440CA /* datamodel.hpp */,
				A5DE5F7F24C6B894000440CA /* dataview.hpp */,
				A5DE5F7A24C6B894000440CA /* image.cpp */,
				A5DE5F8E24C6B894000440CA /* image.hpp */,
				A5DE5F8924C6B894000440CA /* listmodel.hpp */,
				A5DE5F8A24C6B894000440CA /* listview.hpp */,
				A5DE5F8D24C6B894000440CA /* menumodel.cpp */,
				A5DE5F7B24C6B894000440CA /* menumodel.hpp */,
				A5DE5F8724C6B894000440CA /* menuview.hpp */,
				A5DE5F8424C6B894000440CA /* rectitem.cpp */,
				A5DE5F8024C6B894000440CA /* rectitem.hpp */,
				A5DE5F7C24C6B894000440CA /* statemachine.cpp */,
				A5DE5F8F24C6B894000440CA /* statemachine.hpp */,
				A5DE5F8524C6B894000440CA /* textbutton.cpp */,
				A5DE5F8124C6B894000440CA /* textbutton.hpp */,
				A5DE5F8624C6B894000440CA /* textitem.cpp */,
				A5DE5F8224C6B894000440CA /* textitem.hpp */,
				A5DE5F8B24C6B894000440CA /* widgetitem.cpp */,
				A5DE5F7824C6B894000440CA /* widgetitem.hpp */,
			);
			path = widgets;
			sourceTree = "<group>";
		};
		A5DE5FB824C6BA0C000440CA /* Frameworks */ = {
			isa = PBXGroup;
			children = (
				A5DE5FBC24C6BA0C000440CA /* SDL2_image.framework */,
				A5DE5FBB24C6BA0C000440CA /* SDL2_mixer.framework */,
				A5DE5FBA24C6BA0C000440CA /* SDL2_ttf.framework */,
				A5DE5FB924C6BA0C000440CA /* SDL2.framework */,
			);
			name = Frameworks;
			sourceTree = "<group>";
		};
/* End PBXGroup section */

/* Begin PBXNativeTarget section */
		A5DE5F0E24C6B876000440CA /* SWL */ = {
			isa = PBXNativeTarget;
			buildConfigurationList = A5DE5F1624C6B876000440CA /* Build configuration list for PBXNativeTarget "SWL" */;
			buildPhases = (
				A5DE5F0B24C6B876000440CA /* Sources */,
				A5DE5F0C24C6B876000440CA /* Frameworks */,
				A5DE5F0D24C6B876000440CA /* CopyFiles */,
				A5DE5FC524C6BA0D000440CA /* Embed Frameworks */,
			);
			buildRules = (
			);
			dependencies = (
			);
			name = SWL;
			productName = SWL;
			productReference = A5DE5F0F24C6B876000440CA /* SWL */;
			productType = "com.apple.product-type.tool";
		};
/* End PBXNativeTarget section */

/* Begin PBXProject section */
		A5DE5F0724C6B876000440CA /* Project object */ = {
			isa = PBXProject;
			attributes = {
				LastUpgradeCheck = 1110;
				ORGANIZATIONNAME = TrebledJ;
				TargetAttributes = {
					A5DE5F0E24C6B876000440CA = {
						CreatedOnToolsVersion = 11.1;
					};
				};
			};
			buildConfigurationList = A5DE5F0A24C6B876000440CA /* Build configuration list for PBXProject "SWL" */;
			compatibilityVersion = "Xcode 9.3";
			developmentRegion = en;
			hasScannedForEncodings = 0;
			knownRegions = (
				en,
				Base,
			);
			mainGroup = A5DE5F0624C6B876000440CA;
			productRefGroup = A5DE5F1024C6B876000440CA /* Products */;
			projectDirPath = "";
			projectRoot = "";
			targets = (
				A5DE5F0E24C6B876000440CA /* SWL */,
			);
		};
/* End PBXProject section */

/* Begin PBXSourcesBuildPhase section */
		A5DE5F0B24C6B876000440CA /* Sources */ = {
			isa = PBXSourcesBuildPhase;
			buildActionMask = 2147483647;
			files = (
				A5DE5FB124C6B894000440CA /* textbutton.cpp in Sources */,
				A5DE5FB024C6B894000440CA /* rectitem.cpp in Sources */,
				A5DE5FAE24C6B894000440CA /* canvas.cpp in Sources */,
				A5DE5F9524C6B894000440CA /* spritecache.cpp in Sources */,
				A5DE5FAC24C6B894000440CA /* image.cpp in Sources */,
				A5146B3024D4962200DC0E0F /* scenes_demo.cpp in Sources */,
				A5DE5FB524C6B894000440CA /* menumodel.cpp in Sources */,
				A5DE5FB224C6B894000440CA /* textitem.cpp in Sources */,
				A5DE5FB624C6B894000440CA /* baseapplication.cpp in Sources */,
				A5DE5FAB24C6B894000440CA /* button.cpp in Sources */,
				A5DE5FA324C6B894000440CA /* utility.cpp in Sources */,
				A5DE5FB324C6B894000440CA /* application.cpp in Sources */,
				A5DE5FB424C6B894000440CA /* widgetitem.cpp in Sources */,
				A5DE5F9624C6B894000440CA /* SDL_FontCache.cpp in Sources */,
				A5DE5FAD24C6B894000440CA /* statemachine.cpp in Sources */,
			);
			runOnlyForDeploymentPostprocessing = 0;
		};
/* End PBXSourcesBuildPhase section */

/* Begin XCBuildConfiguration section */
		A5DE5F1424C6B876000440CA /* Debug */ = {
			isa = XCBuildConfiguration;
			buildSettings = {
				ALWAYS_SEARCH_USER_PATHS = NO;
				CLANG_ANALYZER_NONNULL = YES;
				CLANG_ANALYZER_NUMBER_OBJECT_CONVERSION = YES_AGGRESSIVE;
				CLANG_CXX_LANGUAGE_STANDARD = "gnu++14";
				CLANG_CXX_LIBRARY = "libc++";
				CLANG_ENABLE_MODULES = YES;
				CLANG_ENABLE_OBJC_ARC = YES;
				CLANG_ENABLE_OBJC_WEAK = YES;
				CLANG_WARN_BLOCK_CAPTURE_AUTORELEASING = YES;
				CLANG_WARN_BOOL_CONVERSION = YES;
				CLANG_WARN_COMMA = YES;
				CLANG_WARN_CONSTANT_CONVERSION = YES;
				CLANG_WARN_DEPRECATED_OBJC_IMPLEMENTATIONS = YES;
				CLANG_WARN_DIRECT_OBJC_ISA_USAGE = YES_ERROR;
				CLANG_WARN_DOCUMENTATION_COMMENTS = YES;
				CLANG_WARN_EMPTY_BODY = YES;
				CLANG_WARN_ENUM_CONVERSION = YES;
				CLANG_WARN_INFINITE_RECURSION = YES;
				CLANG_WARN_INT_CONVERSION = YES;
				CLANG_WARN_NON_LITERAL_NULL_CONVERSION = YES;
				CLANG_WARN_OBJC_IMPLICIT_RETAIN_SELF = YES;
				CLANG_WARN_OBJC_LITERAL_CONVERSION = YES;
				CLANG_WARN_OBJC_ROOT_CLASS = YES_ERROR;
				CLANG_WARN_RANGE_LOOP_ANALYSIS = YES;
				CLANG_WARN_STRICT_PROTOTYPES = YES;
				CLANG_WARN_SUSPICIOUS_MOVE = YES;
				CLANG_WARN_UNGUARDED_AVAILABILITY = YES_AGGRESSIVE;
				CLANG_WARN_UNREACHABLE_CODE = YES;
				CLANG_WARN__DUPLICATE_METHOD_MATCH = YES;
				COPY_PHASE_STRIP = NO;
				DEBUG_INFORMATION_FORMAT = dwarf;
				ENABLE_STRICT_OBJC_MSGSEND = YES;
				ENABLE_TESTABILITY = YES;
				GCC_C_LANGUAGE_STANDARD = gnu11;
				GCC_DYNAMIC_NO_PIC = NO;
				GCC_NO_COMMON_BLOCKS = YES;
				GCC_OPTIMIZATION_LEVEL = 0;
				GCC_PREPROCESSOR_DEFINITIONS = (
					"DEBUG=1",
					"$(inherited)",
				);
				GCC_WARN_64_TO_32_BIT_CONVERSION = YES;
				GCC_WARN_ABOUT_RETURN_TYPE = YES_ERROR;
				GCC_WARN_UNDECLARED_SELECTOR = YES;
				GCC_WARN_UNINITIALIZED_AUTOS = YES_AGGRESSIVE;
				GCC_WARN_UNUSED_FUNCTION = YES;
				GCC_WARN_UNUSED_VARIABLE = YES;
				MACOSX_DEPLOYMENT_TARGET = 10.14;
				MTL_ENABLE_DEBUG_INFO = INCLUDE_SOURCE;
				MTL_FAST_MATH = YES;
				ONLY_ACTIVE_ARCH = YES;
				SDKROOT = macosx;
			};
			name = Debug;
		};
		A5DE5F1524C6B876000440CA /* Release */ = {
			isa = XCBuildConfiguration;
			buildSettings = {
				ALWAYS_SEARCH_USER_PATHS = NO;
				CLANG_ANALYZER_NONNULL = YES;
				CLANG_ANALYZER_NUMBER_OBJECT_CONVERSION = YES_AGGRESSIVE;
				CLANG_CXX_LANGUAGE_STANDARD = "gnu++14";
				CLANG_CXX_LIBRARY = "libc++";
				CLANG_ENABLE_MODULES = YES;
				CLANG_ENABLE_OBJC_ARC = YES;
				CLANG_ENABLE_OBJC_WEAK = YES;
				CLANG_WARN_BLOCK_CAPTURE_AUTORELEASING = YES;
				CLANG_WARN_BOOL_CONVERSION = YES;
				CLANG_WARN_COMMA = YES;
				CLANG_WARN_CONSTANT_CONVERSION = YES;
				CLANG_WARN_DEPRECATED_OBJC_IMPLEMENTATIONS = YES;
				CLANG_WARN_DIRECT_OBJC_ISA_USAGE = YES_ERROR;
				CLANG_WARN_DOCUMENTATION_COMMENTS = YES;
				CLANG_WARN_EMPTY_BODY = YES;
				CLANG_WARN_ENUM_CONVERSION = YES;
				CLANG_WARN_INFINITE_RECURSION = YES;
				CLANG_WARN_INT_CONVERSION = YES;
				CLANG_WARN_NON_LITERAL_NULL_CONVERSION = YES;
				CLANG_WARN_OBJC_IMPLICIT_RETAIN_SELF = YES;
				CLANG_WARN_OBJC_LITERAL_CONVERSION = YES;
				CLANG_WARN_OBJC_ROOT_CLASS = YES_ERROR;
				CLANG_WARN_RANGE_LOOP_ANALYSIS = YES;
				CLANG_WARN_STRICT_PROTOTYPES = YES;
				CLANG_WARN_SUSPICIOUS_MOVE = YES;
				CLANG_WARN_UNGUARDED_AVAILABILITY = YES_AGGRESSIVE;
				CLANG_WARN_UNREACHABLE_CODE = YES;
				CLANG_WARN__DUPLICATE_METHOD_MATCH = YES;
				COPY_PHASE_STRIP = NO;
				DEBUG_INFORMATION_FORMAT = "dwarf-with-dsym";
				ENABLE_NS_ASSERTIONS = NO;
				ENABLE_STRICT_OBJC_MSGSEND = YES;
				GCC_C_LANGUAGE_STANDARD = gnu11;
				GCC_NO_COMMON_BLOCKS = YES;
				GCC_WARN_64_TO_32_BIT_CONVERSION = YES;
				GCC_WARN_ABOUT_RETURN_TYPE = YES_ERROR;
				GCC_WARN_UNDECLARED_SELECTOR = YES;
				GCC_WARN_UNINITIALIZED_AUTOS = YES_AGGRESSIVE;
				GCC_WARN_UNUSED_FUNCTION = YES;
				GCC_WARN_UNUSED_VARIABLE = YES;
				MACOSX_DEPLOYMENT_TARGET = 10.14;
				MTL_ENABLE_DEBUG_INFO = NO;
				MTL_FAST_MATH = YES;
				SDKROOT = macosx;
			};
			name = Release;
		};
		A5DE5F1724C6B876000440CA /* Debug */ = {
			isa = XCBuildConfiguration;
			buildSettings = {
				CODE_SIGN_STYLE = Automatic;
				FRAMEWORK_SEARCH_PATHS = (
					"$(inherited)",
					"$(LOCAL_LIBRARY_DIR)/Frameworks",
				);
				HEADER_SEARCH_PATHS = "./**";
				PRODUCT_NAME = "$(TARGET_NAME)";
			};
			name = Debug;
		};
		A5DE5F1824C6B876000440CA /* Release */ = {
			isa = XCBuildConfiguration;
			buildSettings = {
				CODE_SIGN_STYLE = Automatic;
				FRAMEWORK_SEARCH_PATHS = (
					"$(inherited)",
					"$(LOCAL_LIBRARY_DIR)/Frameworks",
				);
				HEADER_SEARCH_PATHS = "./**";
				PRODUCT_NAME = "$(TARGET_NAME)";
			};
			name = Release;
		};
/* End XCBuildConfiguration section */

/* Begin XCConfigurationList section */
		A5DE5F0A24C6B876000440CA /* Build configuration list for PBXProject "SWL" */ = {
			isa = XCConfigurationList;
			buildConfigurations = (
				A5DE5F1424C6B876000440CA /* Debug */,
				A5DE5F1524C6B876000440CA /* Release */,
			);
			defaultConfigurationIsVisible = 0;
			defaultConfigurationName = Release;
		};
		A5DE5F1624C6B876000440CA /* Build configuration list for PBXNativeTarget "SWL" */ = {
			isa = XCConfigurationList;
			buildConfigurations = (
				A5DE5F1724C6B876000440CA /* Debug */,
				A5DE5F1824C6B876000440CA /* Release */,
			);
			defaultConfigurationIsVisible = 0;
			defaultConfigurationName = Release;
		};
/* End XCConfigurationList section */
	};
	rootObject = A5DE5F0724C6B876000440CA /* Project object */;
}
